// !$*UTF8*$!
{
	archiveVersion = 1;
	classes = {
	};
	objectVersion = 50;
	objects = {

/* Begin PBXBuildFile section */
		3D0ECC1824FDD8A1004C8A6B /* imageResizeExtension.swift in Sources */ = {isa = PBXBuildFile; fileRef = 3D0ECC1724FDD8A1004C8A6B /* imageResizeExtension.swift */; };
		3D0ECC2824FE61FB004C8A6B /* youngones_RS-Regular.ttf in Resources */ = {isa = PBXBuildFile; fileRef = 3D0ECC2624FE61FB004C8A6B /* youngones_RS-Regular.ttf */; };
		3D0ECC2924FE61FB004C8A6B /* youngones_RS-Regular.ttf in Resources */ = {isa = PBXBuildFile; fileRef = 3D0ECC2624FE61FB004C8A6B /* youngones_RS-Regular.ttf */; };
		3D0ECC2A24FE61FB004C8A6B /* youngones_RS-Regular.ttf in Resources */ = {isa = PBXBuildFile; fileRef = 3D0ECC2624FE61FB004C8A6B /* youngones_RS-Regular.ttf */; };
		3D0ECC2B24FE61FB004C8A6B /* personality DEMO.otf in Resources */ = {isa = PBXBuildFile; fileRef = 3D0ECC2724FE61FB004C8A6B /* personality DEMO.otf */; };
		3D0ECC2C24FE61FB004C8A6B /* personality DEMO.otf in Resources */ = {isa = PBXBuildFile; fileRef = 3D0ECC2724FE61FB004C8A6B /* personality DEMO.otf */; };
		3D0ECC2D24FE61FB004C8A6B /* personality DEMO.otf in Resources */ = {isa = PBXBuildFile; fileRef = 3D0ECC2724FE61FB004C8A6B /* personality DEMO.otf */; };
		3D1AC6AC254AD6E100A0AB58 /* SlideUp.swift in Sources */ = {isa = PBXBuildFile; fileRef = 3D1AC6AB254AD6E100A0AB58 /* SlideUp.swift */; };
		3D1AC6B6254AD6F800A0AB58 /* MainInfo.swift in Sources */ = {isa = PBXBuildFile; fileRef = 3D1AC6B5254AD6F800A0AB58 /* MainInfo.swift */; };
		3D1AC6BB254AD70200A0AB58 /* Barcode.swift in Sources */ = {isa = PBXBuildFile; fileRef = 3D1AC6BA254AD70200A0AB58 /* Barcode.swift */; };
		3D1AC6C0254AD71400A0AB58 /* Profile.swift in Sources */ = {isa = PBXBuildFile; fileRef = 3D1AC6BF254AD71400A0AB58 /* Profile.swift */; };
		3D1AC6C5254AD72700A0AB58 /* Calendar.swift in Sources */ = {isa = PBXBuildFile; fileRef = 3D1AC6C4254AD72700A0AB58 /* Calendar.swift */; };
		3D76BCD325528DA0009DC568 /* Prospect.swift in Sources */ = {isa = PBXBuildFile; fileRef = 3D76BCD225528DA0009DC568 /* Prospect.swift */; };
		3DD6AB5924ED4905004BEC5A /* AppDelegate.swift in Sources */ = {isa = PBXBuildFile; fileRef = 3DD6AB5824ED4905004BEC5A /* AppDelegate.swift */; };
		3DD6AB5B24ED4905004BEC5A /* SceneDelegate.swift in Sources */ = {isa = PBXBuildFile; fileRef = 3DD6AB5A24ED4905004BEC5A /* SceneDelegate.swift */; };
		3DD6AB5D24ED4905004BEC5A /* ContentView.swift in Sources */ = {isa = PBXBuildFile; fileRef = 3DD6AB5C24ED4905004BEC5A /* ContentView.swift */; };
		3DD6AB5F24ED4908004BEC5A /* Assets.xcassets in Resources */ = {isa = PBXBuildFile; fileRef = 3DD6AB5E24ED4908004BEC5A /* Assets.xcassets */; };
		3DD6AB6224ED4908004BEC5A /* Preview Assets.xcassets in Resources */ = {isa = PBXBuildFile; fileRef = 3DD6AB6124ED4908004BEC5A /* Preview Assets.xcassets */; };
		3DD6AB6524ED4908004BEC5A /* LaunchScreen.storyboard in Resources */ = {isa = PBXBuildFile; fileRef = 3DD6AB6324ED4908004BEC5A /* LaunchScreen.storyboard */; };
		3DD6AB7024ED4908004BEC5A /* cameraTests.swift in Sources */ = {isa = PBXBuildFile; fileRef = 3DD6AB6F24ED4908004BEC5A /* cameraTests.swift */; };
		3DD6AB7B24ED4909004BEC5A /* cameraUITests.swift in Sources */ = {isa = PBXBuildFile; fileRef = 3DD6AB7A24ED4909004BEC5A /* cameraUITests.swift */; };
		3DD6AB8924ED4945004BEC5A /* Coordinator.swift in Sources */ = {isa = PBXBuildFile; fileRef = 3DD6AB8824ED4945004BEC5A /* Coordinator.swift */; };
		3DD6AB8B24ED4D52004BEC5A /* Product.mlmodel in Sources */ = {isa = PBXBuildFile; fileRef = 3DD6AB8A24ED4D52004BEC5A /* Product.mlmodel */; };
/* End PBXBuildFile section */

/* Begin PBXContainerItemProxy section */
		3DD6AB6C24ED4908004BEC5A /* PBXContainerItemProxy */ = {
			isa = PBXContainerItemProxy;
			containerPortal = 3DD6AB4D24ED4904004BEC5A /* Project object */;
			proxyType = 1;
			remoteGlobalIDString = 3DD6AB5424ED4904004BEC5A;
			remoteInfo = camera;
		};
		3DD6AB7724ED4909004BEC5A /* PBXContainerItemProxy */ = {
			isa = PBXContainerItemProxy;
			containerPortal = 3DD6AB4D24ED4904004BEC5A /* Project object */;
			proxyType = 1;
			remoteGlobalIDString = 3DD6AB5424ED4904004BEC5A;
			remoteInfo = camera;
		};
/* End PBXContainerItemProxy section */

/* Begin PBXFileReference section */
		3D0ECC1724FDD8A1004C8A6B /* imageResizeExtension.swift */ = {isa = PBXFileReference; lastKnownFileType = sourcecode.swift; path = imageResizeExtension.swift; sourceTree = "<group>"; };
		3D0ECC2624FE61FB004C8A6B /* youngones_RS-Regular.ttf */ = {isa = PBXFileReference; lastKnownFileType = file; path = "youngones_RS-Regular.ttf"; sourceTree = "<group>"; };
		3D0ECC2724FE61FB004C8A6B /* personality DEMO.otf */ = {isa = PBXFileReference; lastKnownFileType = file; path = "personality DEMO.otf"; sourceTree = "<group>"; };
		3D1AC6AB254AD6E100A0AB58 /* SlideUp.swift */ = {isa = PBXFileReference; lastKnownFileType = sourcecode.swift; path = SlideUp.swift; sourceTree = "<group>"; };
		3D1AC6B5254AD6F800A0AB58 /* MainInfo.swift */ = {isa = PBXFileReference; lastKnownFileType = sourcecode.swift; path = MainInfo.swift; sourceTree = "<group>"; };
		3D1AC6BA254AD70200A0AB58 /* Barcode.swift */ = {isa = PBXFileReference; lastKnownFileType = sourcecode.swift; path = Barcode.swift; sourceTree = "<group>"; };
		3D1AC6BF254AD71400A0AB58 /* Profile.swift */ = {isa = PBXFileReference; lastKnownFileType = sourcecode.swift; path = Profile.swift; sourceTree = "<group>"; };
		3D1AC6C4254AD72700A0AB58 /* Calendar.swift */ = {isa = PBXFileReference; lastKnownFileType = sourcecode.swift; path = Calendar.swift; sourceTree = "<group>"; };
		3D76BCD225528DA0009DC568 /* Prospect.swift */ = {isa = PBXFileReference; lastKnownFileType = sourcecode.swift; path = Prospect.swift; sourceTree = "<group>"; };
		3DD6AB5524ED4904004BEC5A /* Sustainabuy.app */ = {isa = PBXFileReference; explicitFileType = wrapper.application; includeInIndex = 0; path = Sustainabuy.app; sourceTree = BUILT_PRODUCTS_DIR; };
		3DD6AB5824ED4905004BEC5A /* AppDelegate.swift */ = {isa = PBXFileReference; lastKnownFileType = sourcecode.swift; path = AppDelegate.swift; sourceTree = "<group>"; };
		3DD6AB5A24ED4905004BEC5A /* SceneDelegate.swift */ = {isa = PBXFileReference; lastKnownFileType = sourcecode.swift; path = SceneDelegate.swift; sourceTree = "<group>"; };
		3DD6AB5C24ED4905004BEC5A /* ContentView.swift */ = {isa = PBXFileReference; lastKnownFileType = sourcecode.swift; path = ContentView.swift; sourceTree = "<group>"; };
		3DD6AB5E24ED4908004BEC5A /* Assets.xcassets */ = {isa = PBXFileReference; lastKnownFileType = folder.assetcatalog; path = Assets.xcassets; sourceTree = "<group>"; };
		3DD6AB6124ED4908004BEC5A /* Preview Assets.xcassets */ = {isa = PBXFileReference; lastKnownFileType = folder.assetcatalog; path = "Preview Assets.xcassets"; sourceTree = "<group>"; };
		3DD6AB6424ED4908004BEC5A /* Base */ = {isa = PBXFileReference; lastKnownFileType = file.storyboard; name = Base; path = Base.lproj/LaunchScreen.storyboard; sourceTree = "<group>"; };
		3DD6AB6624ED4908004BEC5A /* Info.plist */ = {isa = PBXFileReference; lastKnownFileType = text.plist.xml; path = Info.plist; sourceTree = "<group>"; };
		3DD6AB6B24ED4908004BEC5A /* SustainabuyTests.xctest */ = {isa = PBXFileReference; explicitFileType = wrapper.cfbundle; includeInIndex = 0; path = SustainabuyTests.xctest; sourceTree = BUILT_PRODUCTS_DIR; };
		3DD6AB6F24ED4908004BEC5A /* cameraTests.swift */ = {isa = PBXFileReference; lastKnownFileType = sourcecode.swift; path = cameraTests.swift; sourceTree = "<group>"; };
		3DD6AB7124ED4908004BEC5A /* Info.plist */ = {isa = PBXFileReference; lastKnownFileType = text.plist.xml; path = Info.plist; sourceTree = "<group>"; };
		3DD6AB7624ED4909004BEC5A /* SustainabuyUITests.xctest */ = {isa = PBXFileReference; explicitFileType = wrapper.cfbundle; includeInIndex = 0; path = SustainabuyUITests.xctest; sourceTree = BUILT_PRODUCTS_DIR; };
		3DD6AB7A24ED4909004BEC5A /* cameraUITests.swift */ = {isa = PBXFileReference; lastKnownFileType = sourcecode.swift; path = cameraUITests.swift; sourceTree = "<group>"; };
		3DD6AB7C24ED4909004BEC5A /* Info.plist */ = {isa = PBXFileReference; lastKnownFileType = text.plist.xml; path = Info.plist; sourceTree = "<group>"; };
		3DD6AB8824ED4945004BEC5A /* Coordinator.swift */ = {isa = PBXFileReference; lastKnownFileType = sourcecode.swift; path = Coordinator.swift; sourceTree = "<group>"; };
		3DD6AB8A24ED4D52004BEC5A /* Product.mlmodel */ = {isa = PBXFileReference; lastKnownFileType = file.mlmodel; path = Product.mlmodel; sourceTree = "<group>"; };
/* End PBXFileReference section */

/* Begin PBXFrameworksBuildPhase section */
		3DD6AB5224ED4904004BEC5A /* Frameworks */ = {
			isa = PBXFrameworksBuildPhase;
			buildActionMask = 2147483647;
			files = (
			);
			runOnlyForDeploymentPostprocessing = 0;
		};
		3DD6AB6824ED4908004BEC5A /* Frameworks */ = {
			isa = PBXFrameworksBuildPhase;
			buildActionMask = 2147483647;
			files = (
			);
			runOnlyForDeploymentPostprocessing = 0;
		};
		3DD6AB7324ED4908004BEC5A /* Frameworks */ = {
			isa = PBXFrameworksBuildPhase;
			buildActionMask = 2147483647;
			files = (
			);
			runOnlyForDeploymentPostprocessing = 0;
		};
/* End PBXFrameworksBuildPhase section */

/* Begin PBXGroup section */
		3D0ECC1D24FE5FE6004C8A6B /* Font */ = {
			isa = PBXGroup;
			children = (
				3D0ECC2724FE61FB004C8A6B /* personality DEMO.otf */,
				3D0ECC2624FE61FB004C8A6B /* youngones_RS-Regular.ttf */,
			);
			path = Font;
			sourceTree = "<group>";
		};
		3D1AC6C9254AD82C00A0AB58 /* Views */ = {
			isa = PBXGroup;
			children = (
				3DD6AB5C24ED4905004BEC5A /* ContentView.swift */,
				3D1AC6C4254AD72700A0AB58 /* Calendar.swift */,
				3D1AC6AB254AD6E100A0AB58 /* SlideUp.swift */,
				3D76BCD225528DA0009DC568 /* Prospect.swift */,
				3D1AC6B5254AD6F800A0AB58 /* MainInfo.swift */,
				3D1AC6BA254AD70200A0AB58 /* Barcode.swift */,
				3D1AC6BF254AD71400A0AB58 /* Profile.swift */,
			);
			path = Views;
			sourceTree = "<group>";
		};
		3DD6AB4C24ED4904004BEC5A = {
			isa = PBXGroup;
			children = (
				3DD6AB5724ED4904004BEC5A /* camera */,
				3DD6AB6E24ED4908004BEC5A /* cameraTests */,
				3DD6AB7924ED4909004BEC5A /* cameraUITests */,
				3DD6AB5624ED4904004BEC5A /* Products */,
			);
			sourceTree = "<group>";
		};
		3DD6AB5624ED4904004BEC5A /* Products */ = {
			isa = PBXGroup;
			children = (
				3DD6AB5524ED4904004BEC5A /* Sustainabuy.app */,
				3DD6AB6B24ED4908004BEC5A /* SustainabuyTests.xctest */,
				3DD6AB7624ED4909004BEC5A /* SustainabuyUITests.xctest */,
			);
			name = Products;
			sourceTree = "<group>";
		};
		3DD6AB5724ED4904004BEC5A /* camera */ = {
			isa = PBXGroup;
			children = (
				3DD6AB5824ED4905004BEC5A /* AppDelegate.swift */,
				3DD6AB5A24ED4905004BEC5A /* SceneDelegate.swift */,
				3D1AC6C9254AD82C00A0AB58 /* Views */,
				3D0ECC1724FDD8A1004C8A6B /* imageResizeExtension.swift */,
				3DD6AB8824ED4945004BEC5A /* Coordinator.swift */,
				3DD6AB5E24ED4908004BEC5A /* Assets.xcassets */,
				3DD6AB6324ED4908004BEC5A /* LaunchScreen.storyboard */,
				3DD6AB6624ED4908004BEC5A /* Info.plist */,
				3DD6AB8A24ED4D52004BEC5A /* Product.mlmodel */,
				3D0ECC1D24FE5FE6004C8A6B /* Font */,
				3DD6AB6024ED4908004BEC5A /* Preview Content */,
			);
			path = camera;
			sourceTree = "<group>";
		};
		3DD6AB6024ED4908004BEC5A /* Preview Content */ = {
			isa = PBXGroup;
			children = (
				3DD6AB6124ED4908004BEC5A /* Preview Assets.xcassets */,
			);
			path = "Preview Content";
			sourceTree = "<group>";
		};
		3DD6AB6E24ED4908004BEC5A /* cameraTests */ = {
			isa = PBXGroup;
			children = (
				3DD6AB6F24ED4908004BEC5A /* cameraTests.swift */,
				3DD6AB7124ED4908004BEC5A /* Info.plist */,
			);
			path = cameraTests;
			sourceTree = "<group>";
		};
		3DD6AB7924ED4909004BEC5A /* cameraUITests */ = {
			isa = PBXGroup;
			children = (
				3DD6AB7A24ED4909004BEC5A /* cameraUITests.swift */,
				3DD6AB7C24ED4909004BEC5A /* Info.plist */,
			);
			path = cameraUITests;
			sourceTree = "<group>";
		};
/* End PBXGroup section */

/* Begin PBXNativeTarget section */
		3DD6AB5424ED4904004BEC5A /* Sustainabuy */ = {
			isa = PBXNativeTarget;
			buildConfigurationList = 3DD6AB7F24ED4909004BEC5A /* Build configuration list for PBXNativeTarget "Sustainabuy" */;
			buildPhases = (
				3DD6AB5124ED4904004BEC5A /* Sources */,
				3DD6AB5224ED4904004BEC5A /* Frameworks */,
				3DD6AB5324ED4904004BEC5A /* Resources */,
			);
			buildRules = (
			);
			dependencies = (
			);
			name = Sustainabuy;
			productName = camera;
			productReference = 3DD6AB5524ED4904004BEC5A /* Sustainabuy.app */;
			productType = "com.apple.product-type.application";
		};
		3DD6AB6A24ED4908004BEC5A /* SustainabuyTests */ = {
			isa = PBXNativeTarget;
			buildConfigurationList = 3DD6AB8224ED4909004BEC5A /* Build configuration list for PBXNativeTarget "SustainabuyTests" */;
			buildPhases = (
				3DD6AB6724ED4908004BEC5A /* Sources */,
				3DD6AB6824ED4908004BEC5A /* Frameworks */,
				3DD6AB6924ED4908004BEC5A /* Resources */,
			);
			buildRules = (
			);
			dependencies = (
				3DD6AB6D24ED4908004BEC5A /* PBXTargetDependency */,
			);
			name = SustainabuyTests;
			productName = cameraTests;
			productReference = 3DD6AB6B24ED4908004BEC5A /* SustainabuyTests.xctest */;
			productType = "com.apple.product-type.bundle.unit-test";
		};
		3DD6AB7524ED4908004BEC5A /* SustainabuyUITests */ = {
			isa = PBXNativeTarget;
			buildConfigurationList = 3DD6AB8524ED4909004BEC5A /* Build configuration list for PBXNativeTarget "SustainabuyUITests" */;
			buildPhases = (
				3DD6AB7224ED4908004BEC5A /* Sources */,
				3DD6AB7324ED4908004BEC5A /* Frameworks */,
				3DD6AB7424ED4908004BEC5A /* Resources */,
			);
			buildRules = (
			);
			dependencies = (
				3DD6AB7824ED4909004BEC5A /* PBXTargetDependency */,
			);
			name = SustainabuyUITests;
			productName = cameraUITests;
			productReference = 3DD6AB7624ED4909004BEC5A /* SustainabuyUITests.xctest */;
			productType = "com.apple.product-type.bundle.ui-testing";
		};
/* End PBXNativeTarget section */

/* Begin PBXProject section */
		3DD6AB4D24ED4904004BEC5A /* Project object */ = {
			isa = PBXProject;
			attributes = {
				LastSwiftUpdateCheck = 1160;
				LastUpgradeCheck = 1160;
				ORGANIZATIONNAME = EllaCaySmith;
				TargetAttributes = {
					3DD6AB5424ED4904004BEC5A = {
						CreatedOnToolsVersion = 11.6;
					};
					3DD6AB6A24ED4908004BEC5A = {
						CreatedOnToolsVersion = 11.6;
						TestTargetID = 3DD6AB5424ED4904004BEC5A;
					};
					3DD6AB7524ED4908004BEC5A = {
						CreatedOnToolsVersion = 11.6;
						TestTargetID = 3DD6AB5424ED4904004BEC5A;
					};
				};
			};
			buildConfigurationList = 3DD6AB5024ED4904004BEC5A /* Build configuration list for PBXProject "Sustainabuy" */;
			compatibilityVersion = "Xcode 9.3";
			developmentRegion = en;
			hasScannedForEncodings = 0;
			knownRegions = (
				en,
				Base,
			);
			mainGroup = 3DD6AB4C24ED4904004BEC5A;
			productRefGroup = 3DD6AB5624ED4904004BEC5A /* Products */;
			projectDirPath = "";
			projectRoot = "";
			targets = (
				3DD6AB5424ED4904004BEC5A /* Sustainabuy */,
				3DD6AB6A24ED4908004BEC5A /* SustainabuyTests */,
				3DD6AB7524ED4908004BEC5A /* SustainabuyUITests */,
			);
		};
/* End PBXProject section */

/* Begin PBXResourcesBuildPhase section */
		3DD6AB5324ED4904004BEC5A /* Resources */ = {
			isa = PBXResourcesBuildPhase;
			buildActionMask = 2147483647;
			files = (
				3D0ECC2B24FE61FB004C8A6B /* personality DEMO.otf in Resources */,
				3DD6AB6524ED4908004BEC5A /* LaunchScreen.storyboard in Resources */,
				3DD6AB6224ED4908004BEC5A /* Preview Assets.xcassets in Resources */,
				3D0ECC2824FE61FB004C8A6B /* youngones_RS-Regular.ttf in Resources */,
				3DD6AB5F24ED4908004BEC5A /* Assets.xcassets in Resources */,
			);
			runOnlyForDeploymentPostprocessing = 0;
		};
		3DD6AB6924ED4908004BEC5A /* Resources */ = {
			isa = PBXResourcesBuildPhase;
			buildActionMask = 2147483647;
			files = (
				3D0ECC2C24FE61FB004C8A6B /* personality DEMO.otf in Resources */,
				3D0ECC2924FE61FB004C8A6B /* youngones_RS-Regular.ttf in Resources */,
			);
			runOnlyForDeploymentPostprocessing = 0;
		};
		3DD6AB7424ED4908004BEC5A /* Resources */ = {
			isa = PBXResourcesBuildPhase;
			buildActionMask = 2147483647;
			files = (
				3D0ECC2D24FE61FB004C8A6B /* personality DEMO.otf in Resources */,
				3D0ECC2A24FE61FB004C8A6B /* youngones_RS-Regular.ttf in Resources */,
			);
			runOnlyForDeploymentPostprocessing = 0;
		};
/* End PBXResourcesBuildPhase section */

/* Begin PBXSourcesBuildPhase section */
		3DD6AB5124ED4904004BEC5A /* Sources */ = {
			isa = PBXSourcesBuildPhase;
			buildActionMask = 2147483647;
			files = (
				3DD6AB8924ED4945004BEC5A /* Coordinator.swift in Sources */,
				3D76BCD325528DA0009DC568 /* Prospect.swift in Sources */,
				3D0ECC1824FDD8A1004C8A6B /* imageResizeExtension.swift in Sources */,
				3DD6AB8B24ED4D52004BEC5A /* Product.mlmodel in Sources */,
				3DD6AB5924ED4905004BEC5A /* AppDelegate.swift in Sources */,
				3D1AC6AC254AD6E100A0AB58 /* SlideUp.swift in Sources */,
				3DD6AB5B24ED4905004BEC5A /* SceneDelegate.swift in Sources */,
				3D1AC6C5254AD72700A0AB58 /* Calendar.swift in Sources */,
				3DD6AB5D24ED4905004BEC5A /* ContentView.swift in Sources */,
				3D1AC6C0254AD71400A0AB58 /* Profile.swift in Sources */,
				3D1AC6BB254AD70200A0AB58 /* Barcode.swift in Sources */,
				3D1AC6B6254AD6F800A0AB58 /* MainInfo.swift in Sources */,
			);
			runOnlyForDeploymentPostprocessing = 0;
		};
		3DD6AB6724ED4908004BEC5A /* Sources */ = {
			isa = PBXSourcesBuildPhase;
			buildActionMask = 2147483647;
			files = (
				3DD6AB7024ED4908004BEC5A /* cameraTests.swift in Sources */,
			);
			runOnlyForDeploymentPostprocessing = 0;
		};
		3DD6AB7224ED4908004BEC5A /* Sources */ = {
			isa = PBXSourcesBuildPhase;
			buildActionMask = 2147483647;
			files = (
				3DD6AB7B24ED4909004BEC5A /* cameraUITests.swift in Sources */,
			);
			runOnlyForDeploymentPostprocessing = 0;
		};
/* End PBXSourcesBuildPhase section */

/* Begin PBXTargetDependency section */
		3DD6AB6D24ED4908004BEC5A /* PBXTargetDependency */ = {
			isa = PBXTargetDependency;
			target = 3DD6AB5424ED4904004BEC5A /* Sustainabuy */;
			targetProxy = 3DD6AB6C24ED4908004BEC5A /* PBXContainerItemProxy */;
		};
		3DD6AB7824ED4909004BEC5A /* PBXTargetDependency */ = {
			isa = PBXTargetDependency;
			target = 3DD6AB5424ED4904004BEC5A /* Sustainabuy */;
			targetProxy = 3DD6AB7724ED4909004BEC5A /* PBXContainerItemProxy */;
		};
/* End PBXTargetDependency section */

/* Begin PBXVariantGroup section */
		3DD6AB6324ED4908004BEC5A /* LaunchScreen.storyboard */ = {
			isa = PBXVariantGroup;
			children = (
				3DD6AB6424ED4908004BEC5A /* Base */,
			);
			name = LaunchScreen.storyboard;
			sourceTree = "<group>";
		};
/* End PBXVariantGroup section */

/* Begin XCBuildConfiguration section */
		3DD6AB7D24ED4909004BEC5A /* Debug */ = {
			isa = XCBuildConfiguration;
			buildSettings = {
				ALWAYS_SEARCH_USER_PATHS = NO;
				CLANG_ANALYZER_NONNULL = YES;
				CLANG_ANALYZER_NUMBER_OBJECT_CONVERSION = YES_AGGRESSIVE;
				CLANG_CXX_LANGUAGE_STANDARD = "gnu++14";
				CLANG_CXX_LIBRARY = "libc++";
				CLANG_ENABLE_MODULES = YES;
				CLANG_ENABLE_OBJC_ARC = YES;
				CLANG_ENABLE_OBJC_WEAK = YES;
				CLANG_WARN_BLOCK_CAPTURE_AUTORELEASING = YES;
				CLANG_WARN_BOOL_CONVERSION = YES;
				CLANG_WARN_COMMA = YES;
				CLANG_WARN_CONSTANT_CONVERSION = YES;
				CLANG_WARN_DEPRECATED_OBJC_IMPLEMENTATIONS = YES;
				CLANG_WARN_DIRECT_OBJC_ISA_USAGE = YES_ERROR;
				CLANG_WARN_DOCUMENTATION_COMMENTS = YES;
				CLANG_WARN_EMPTY_BODY = YES;
				CLANG_WARN_ENUM_CONVERSION = YES;
				CLANG_WARN_INFINITE_RECURSION = YES;
				CLANG_WARN_INT_CONVERSION = YES;
				CLANG_WARN_NON_LITERAL_NULL_CONVERSION = YES;
				CLANG_WARN_OBJC_IMPLICIT_RETAIN_SELF = YES;
				CLANG_WARN_OBJC_LITERAL_CONVERSION = YES;
				CLANG_WARN_OBJC_ROOT_CLASS = YES_ERROR;
				CLANG_WARN_RANGE_LOOP_ANALYSIS = YES;
				CLANG_WARN_STRICT_PROTOTYPES = YES;
				CLANG_WARN_SUSPICIOUS_MOVE = YES;
				CLANG_WARN_UNGUARDED_AVAILABILITY = YES_AGGRESSIVE;
				CLANG_WARN_UNREACHABLE_CODE = YES;
				CLANG_WARN__DUPLICATE_METHOD_MATCH = YES;
				COPY_PHASE_STRIP = NO;
				DEBUG_INFORMATION_FORMAT = dwarf;
				ENABLE_STRICT_OBJC_MSGSEND = YES;
				ENABLE_TESTABILITY = YES;
				GCC_C_LANGUAGE_STANDARD = gnu11;
				GCC_DYNAMIC_NO_PIC = NO;
				GCC_NO_COMMON_BLOCKS = YES;
				GCC_OPTIMIZATION_LEVEL = 0;
				GCC_PREPROCESSOR_DEFINITIONS = (
					"DEBUG=1",
					"$(inherited)",
				);
				GCC_WARN_64_TO_32_BIT_CONVERSION = YES;
				GCC_WARN_ABOUT_RETURN_TYPE = YES_ERROR;
				GCC_WARN_UNDECLARED_SELECTOR = YES;
				GCC_WARN_UNINITIALIZED_AUTOS = YES_AGGRESSIVE;
				GCC_WARN_UNUSED_FUNCTION = YES;
				GCC_WARN_UNUSED_VARIABLE = YES;
				IPHONEOS_DEPLOYMENT_TARGET = 14.0;
				MTL_ENABLE_DEBUG_INFO = INCLUDE_SOURCE;
				MTL_FAST_MATH = YES;
				ONLY_ACTIVE_ARCH = YES;
				SDKROOT = iphoneos;
				SWIFT_ACTIVE_COMPILATION_CONDITIONS = DEBUG;
				SWIFT_OPTIMIZATION_LEVEL = "-Onone";
			};
			name = Debug;
		};
		3DD6AB7E24ED4909004BEC5A /* Release */ = {
			isa = XCBuildConfiguration;
			buildSettings = {
				ALWAYS_SEARCH_USER_PATHS = NO;
				CLANG_ANALYZER_NONNULL = YES;
				CLANG_ANALYZER_NUMBER_OBJECT_CONVERSION = YES_AGGRESSIVE;
				CLANG_CXX_LANGUAGE_STANDARD = "gnu++14";
				CLANG_CXX_LIBRARY = "libc++";
				CLANG_ENABLE_MODULES = YES;
				CLANG_ENABLE_OBJC_ARC = YES;
				CLANG_ENABLE_OBJC_WEAK = YES;
				CLANG_WARN_BLOCK_CAPTURE_AUTORELEASING = YES;
				CLANG_WARN_BOOL_CONVERSION = YES;
				CLANG_WARN_COMMA = YES;
				CLANG_WARN_CONSTANT_CONVERSION = YES;
				CLANG_WARN_DEPRECATED_OBJC_IMPLEMENTATIONS = YES;
				CLANG_WARN_DIRECT_OBJC_ISA_USAGE = YES_ERROR;
				CLANG_WARN_DOCUMENTATION_COMMENTS = YES;
				CLANG_WARN_EMPTY_BODY = YES;
				CLANG_WARN_ENUM_CONVERSION = YES;
				CLANG_WARN_INFINITE_RECURSION = YES;
				CLANG_WARN_INT_CONVERSION = YES;
				CLANG_WARN_NON_LITERAL_NULL_CONVERSION = YES;
				CLANG_WARN_OBJC_IMPLICIT_RETAIN_SELF = YES;
				CLANG_WARN_OBJC_LITERAL_CONVERSION = YES;
				CLANG_WARN_OBJC_ROOT_CLASS = YES_ERROR;
				CLANG_WARN_RANGE_LOOP_ANALYSIS = YES;
				CLANG_WARN_STRICT_PROTOTYPES = YES;
				CLANG_WARN_SUSPICIOUS_MOVE = YES;
				CLANG_WARN_UNGUARDED_AVAILABILITY = YES_AGGRESSIVE;
				CLANG_WARN_UNREACHABLE_CODE = YES;
				CLANG_WARN__DUPLICATE_METHOD_MATCH = YES;
				COPY_PHASE_STRIP = NO;
				DEBUG_INFORMATION_FORMAT = "dwarf-with-dsym";
				ENABLE_NS_ASSERTIONS = NO;
				ENABLE_STRICT_OBJC_MSGSEND = YES;
				GCC_C_LANGUAGE_STANDARD = gnu11;
				GCC_NO_COMMON_BLOCKS = YES;
				GCC_WARN_64_TO_32_BIT_CONVERSION = YES;
				GCC_WARN_ABOUT_RETURN_TYPE = YES_ERROR;
				GCC_WARN_UNDECLARED_SELECTOR = YES;
				GCC_WARN_UNINITIALIZED_AUTOS = YES_AGGRESSIVE;
				GCC_WARN_UNUSED_FUNCTION = YES;
				GCC_WARN_UNUSED_VARIABLE = YES;
				IPHONEOS_DEPLOYMENT_TARGET = 14.0;
				MTL_ENABLE_DEBUG_INFO = NO;
				MTL_FAST_MATH = YES;
				SDKROOT = iphoneos;
				SWIFT_COMPILATION_MODE = wholemodule;
				SWIFT_OPTIMIZATION_LEVEL = "-O";
				VALIDATE_PRODUCT = YES;
			};
			name = Release;
		};
		3DD6AB8024ED4909004BEC5A /* Debug */ = {
			isa = XCBuildConfiguration;
			buildSettings = {
				ASSETCATALOG_COMPILER_APPICON_NAME = AppIcon;
				CODE_SIGN_STYLE = Automatic;
				DEVELOPMENT_ASSET_PATHS = "\"camera/Preview Content\"";
				DEVELOPMENT_TEAM = 48Z4UA9V68;
				ENABLE_PREVIEWS = YES;
				INFOPLIST_FILE = camera/Info.plist;
				LD_RUNPATH_SEARCH_PATHS = (
					"$(inherited)",
					"@executable_path/Frameworks",
				);
				PRODUCT_BUNDLE_IDENTIFIER = com.example.Sustainabuy1u33;
				PRODUCT_NAME = "$(TARGET_NAME)";
				SWIFT_VERSION = 5.0;
				TARGETED_DEVICE_FAMILY = "1,2";
			};
			name = Debug;
		};
		3DD6AB8124ED4909004BEC5A /* Release */ = {
			isa = XCBuildConfiguration;
			buildSettings = {
				ASSETCATALOG_COMPILER_APPICON_NAME = AppIcon;
				CODE_SIGN_STYLE = Automatic;
				DEVELOPMENT_ASSET_PATHS = "\"camera/Preview Content\"";
				DEVELOPMENT_TEAM = 48Z4UA9V68;
				ENABLE_PREVIEWS = YES;
				INFOPLIST_FILE = camera/Info.plist;
				LD_RUNPATH_SEARCH_PATHS = (
					"$(inherited)",
					"@executable_path/Frameworks",
				);
				PRODUCT_BUNDLE_IDENTIFIER = com.example.Sustainabuy1u33;
				PRODUCT_NAME = "$(TARGET_NAME)";
				SWIFT_VERSION = 5.0;
				TARGETED_DEVICE_FAMILY = "1,2";
			};
			name = Release;
		};
		3DD6AB8324ED4909004BEC5A /* Debug */ = {
			isa = XCBuildConfiguration;
			buildSettings = {
				ALWAYS_EMBED_SWIFT_STANDARD_LIBRARIES = YES;
				BUNDLE_LOADER = "$(TEST_HOST)";
				CODE_SIGN_STYLE = Automatic;
				DEVELOPMENT_TEAM = 48Z4UA9V68;
				INFOPLIST_FILE = cameraTests/Info.plist;
				IPHONEOS_DEPLOYMENT_TARGET = 13.6;
				LD_RUNPATH_SEARCH_PATHS = (
					"$(inherited)",
					"@executable_path/Frameworks",
					"@loader_path/Frameworks",
				);
				PRODUCT_BUNDLE_IDENTIFIER = com.example.cameraTests;
				PRODUCT_NAME = "$(TARGET_NAME)";
				SWIFT_VERSION = 5.0;
				TARGETED_DEVICE_FAMILY = "1,2";
				TEST_HOST = "$(BUILT_PRODUCTS_DIR)/Sustainabuy.app/Sustainabuy";
			};
			name = Debug;
		};
		3DD6AB8424ED4909004BEC5A /* Release */ = {
			isa = XCBuildConfiguration;
			buildSettings = {
				ALWAYS_EMBED_SWIFT_STANDARD_LIBRARIES = YES;
				BUNDLE_LOADER = "$(TEST_HOST)";
				CODE_SIGN_STYLE = Automatic;
				DEVELOPMENT_TEAM = 48Z4UA9V68;
				INFOPLIST_FILE = cameraTests/Info.plist;
				IPHONEOS_DEPLOYMENT_TARGET = 13.6;
				LD_RUNPATH_SEARCH_PATHS = (
					"$(inherited)",
					"@executable_path/Frameworks",
					"@loader_path/Frameworks",
				);
				PRODUCT_BUNDLE_IDENTIFIER = com.example.cameraTests;
				PRODUCT_NAME = "$(TARGET_NAME)";
				SWIFT_VERSION = 5.0;
				TARGETED_DEVICE_FAMILY = "1,2";
				TEST_HOST = "$(BUILT_PRODUCTS_DIR)/Sustainabuy.app/Sustainabuy";
			};
			name = Release;
		};
		3DD6AB8624ED4909004BEC5A /* Debug */ = {
			isa = XCBuildConfiguration;
			buildSettings = {
				ALWAYS_EMBED_SWIFT_STANDARD_LIBRARIES = YES;
				CODE_SIGN_STYLE = Automatic;
				DEVELOPMENT_TEAM = 48Z4UA9V68;
				INFOPLIST_FILE = cameraUITests/Info.plist;
				LD_RUNPATH_SEARCH_PATHS = (
					"$(inherited)",
					"@executable_path/Frameworks",
					"@loader_path/Frameworks",
				);
				PRODUCT_BUNDLE_IDENTIFIER = com.example.cameraUITests;
				PRODUCT_NAME = "$(TARGET_NAME)";
				SWIFT_VERSION = 5.0;
				TARGETED_DEVICE_FAMILY = "1,2";
				TEST_TARGET_NAME = camera;
			};
			name = Debug;
		};
		3DD6AB8724ED4909004BEC5A /* Release */ = {
			isa = XCBuildConfiguration;
			buildSettings = {
				ALWAYS_EMBED_SWIFT_STANDARD_LIBRARIES = YES;
				CODE_SIGN_STYLE = Automatic;
				DEVELOPMENT_TEAM = 48Z4UA9V68;
				INFOPLIST_FILE = cameraUITests/Info.plist;
				LD_RUNPATH_SEARCH_PATHS = (
					"$(inherited)",
					"@executable_path/Frameworks",
					"@loader_path/Frameworks",
				);
				PRODUCT_BUNDLE_IDENTIFIER = com.example.cameraUITests;
				PRODUCT_NAME = "$(TARGET_NAME)";
				SWIFT_VERSION = 5.0;
				TARGETED_DEVICE_FAMILY = "1,2";
				TEST_TARGET_NAME = camera;
			};
			name = Release;
		};
/* End XCBuildConfiguration section */

/* Begin XCConfigurationList section */
		3DD6AB5024ED4904004BEC5A /* Build configuration list for PBXProject "Sustainabuy" */ = {
			isa = XCConfigurationList;
			buildConfigurations = (
				3DD6AB7D24ED4909004BEC5A /* Debug */,
				3DD6AB7E24ED4909004BEC5A /* Release */,
			);
			defaultConfigurationIsVisible = 0;
			defaultConfigurationName = Release;
		};
		3DD6AB7F24ED4909004BEC5A /* Build configuration list for PBXNativeTarget "Sustainabuy" */ = {
			isa = XCConfigurationList;
			buildConfigurations = (
				3DD6AB8024ED4909004BEC5A /* Debug */,
				3DD6AB8124ED4909004BEC5A /* Release */,
			);
			defaultConfigurationIsVisible = 0;
			defaultConfigurationName = Release;
		};
		3DD6AB8224ED4909004BEC5A /* Build configuration list for PBXNativeTarget "SustainabuyTests" */ = {
			isa = XCConfigurationList;
			buildConfigurations = (
				3DD6AB8324ED4909004BEC5A /* Debug */,
				3DD6AB8424ED4909004BEC5A /* Release */,
			);
			defaultConfigurationIsVisible = 0;
			defaultConfigurationName = Release;
		};
		3DD6AB8524ED4909004BEC5A /* Build configuration list for PBXNativeTarget "SustainabuyUITests" */ = {
			isa = XCConfigurationList;
			buildConfigurations = (
				3DD6AB8624ED4909004BEC5A /* Debug */,
				3DD6AB8724ED4909004BEC5A /* Release */,
			);
			defaultConfigurationIsVisible = 0;
			defaultConfigurationName = Release;
		};
/* End XCConfigurationList section */
	};
	rootObject = 3DD6AB4D24ED4904004BEC5A /* Project object */;
}
